// !$*UTF8*$!
{
	archiveVersion = 1;
	classes = {
	};
	objectVersion = 46;
	objects = {

/* Begin PBXBuildFile section */
		483366DD7C6DD7EAEB772BA8 /* Pods_flashcards.framework in Frameworks */ = {isa = PBXBuildFile; fileRef = B72B640B0A566311F9EA2B57 /* Pods_flashcards.framework */; };
		9001FA951F39CD7A00FE2466 /* RootViewController.swift in Sources */ = {isa = PBXBuildFile; fileRef = 9001FA941F39CD7A00FE2466 /* RootViewController.swift */; };
		90709FDE1F1F444100D0C1CC /* db.sqlite in Resources */ = {isa = PBXBuildFile; fileRef = 90709FDD1F1F444100D0C1CC /* db.sqlite */; };
		90709FE01F1F57FD00D0C1CC /* Constants.swift in Sources */ = {isa = PBXBuildFile; fileRef = 90709FDF1F1F57FD00D0C1CC /* Constants.swift */; };
		90709FE21F1F6F3100D0C1CC /* star@2x.png in Resources */ = {isa = PBXBuildFile; fileRef = 90709FE11F1F6F3100D0C1CC /* star@2x.png */; };
		90709FE61F1F753F00D0C1CC /* star_selected@2x.png in Resources */ = {isa = PBXBuildFile; fileRef = 90709FE51F1F753F00D0C1CC /* star_selected@2x.png */; };
		90709FE81F1F79CF00D0C1CC /* Models.swift in Sources */ = {isa = PBXBuildFile; fileRef = 90709FE71F1F79CF00D0C1CC /* Models.swift */; };
		90AA04741F1F25C900A6A9E4 /* AppDelegate.swift in Sources */ = {isa = PBXBuildFile; fileRef = 90AA04731F1F25C900A6A9E4 /* AppDelegate.swift */; };
		90AA04761F1F25C900A6A9E4 /* FlashListViewController.swift in Sources */ = {isa = PBXBuildFile; fileRef = 90AA04751F1F25C900A6A9E4 /* FlashListViewController.swift */; };
		90AA04781F1F25C900A6A9E4 /* FavouriteListViewController.swift in Sources */ = {isa = PBXBuildFile; fileRef = 90AA04771F1F25C900A6A9E4 /* FavouriteListViewController.swift */; };
		90AA047B1F1F25C900A6A9E4 /* Main.storyboard in Resources */ = {isa = PBXBuildFile; fileRef = 90AA04791F1F25C900A6A9E4 /* Main.storyboard */; };
		90AA047D1F1F25C900A6A9E4 /* Assets.xcassets in Resources */ = {isa = PBXBuildFile; fileRef = 90AA047C1F1F25C900A6A9E4 /* Assets.xcassets */; };
		90AA04801F1F25C900A6A9E4 /* LaunchScreen.storyboard in Resources */ = {isa = PBXBuildFile; fileRef = 90AA047E1F1F25C900A6A9E4 /* LaunchScreen.storyboard */; };
		90AA048A1F1F30A200A6A9E4 /* DatabaseManager.swift in Sources */ = {isa = PBXBuildFile; fileRef = 90AA04891F1F30A200A6A9E4 /* DatabaseManager.swift */; };
/* End PBXBuildFile section */

/* Begin PBXFileReference section */
		6E7978C8F2C5EEA7A4A423C8 /* Pods-flashcards.debug.xcconfig */ = {isa = PBXFileReference; includeInIndex = 1; lastKnownFileType = text.xcconfig; name = "Pods-flashcards.debug.xcconfig"; path = "Pods/Target Support Files/Pods-flashcards/Pods-flashcards.debug.xcconfig"; sourceTree = "<group>"; };
		8D40A3B2850306427B85DE21 /* Pods-flashcards.release.xcconfig */ = {isa = PBXFileReference; includeInIndex = 1; lastKnownFileType = text.xcconfig; name = "Pods-flashcards.release.xcconfig"; path = "Pods/Target Support Files/Pods-flashcards/Pods-flashcards.release.xcconfig"; sourceTree = "<group>"; };
		9001FA941F39CD7A00FE2466 /* RootViewController.swift */ = {isa = PBXFileReference; fileEncoding = 4; lastKnownFileType = sourcecode.swift; path = RootViewController.swift; sourceTree = "<group>"; };
		90709FDD1F1F444100D0C1CC /* db.sqlite */ = {isa = PBXFileReference; lastKnownFileType = file; name = db.sqlite; path = resources/db.sqlite; sourceTree = "<group>"; };
		90709FDF1F1F57FD00D0C1CC /* Constants.swift */ = {isa = PBXFileReference; fileEncoding = 4; lastKnownFileType = sourcecode.swift; path = Constants.swift; sourceTree = "<group>"; };
		90709FE11F1F6F3100D0C1CC /* star@2x.png */ = {isa = PBXFileReference; lastKnownFileType = image.png; name = "star@2x.png"; path = "resources/images/star@2x.png"; sourceTree = "<group>"; };
		90709FE51F1F753F00D0C1CC /* star_selected@2x.png */ = {isa = PBXFileReference; lastKnownFileType = image.png; name = "star_selected@2x.png"; path = "resources/images/star_selected@2x.png"; sourceTree = "<group>"; };
		90709FE71F1F79CF00D0C1CC /* Models.swift */ = {isa = PBXFileReference; fileEncoding = 4; lastKnownFileType = sourcecode.swift; path = Models.swift; sourceTree = "<group>"; };
		90AA04701F1F25C900A6A9E4 /* flashcards.app */ = {isa = PBXFileReference; explicitFileType = wrapper.application; includeInIndex = 0; path = flashcards.app; sourceTree = BUILT_PRODUCTS_DIR; };
		90AA04731F1F25C900A6A9E4 /* AppDelegate.swift */ = {isa = PBXFileReference; lastKnownFileType = sourcecode.swift; path = AppDelegate.swift; sourceTree = "<group>"; };
		90AA04751F1F25C900A6A9E4 /* FlashListViewController.swift */ = {isa = PBXFileReference; lastKnownFileType = sourcecode.swift; path = FlashListViewController.swift; sourceTree = "<group>"; };
		90AA04771F1F25C900A6A9E4 /* FavouriteListViewController.swift */ = {isa = PBXFileReference; lastKnownFileType = sourcecode.swift; path = FavouriteListViewController.swift; sourceTree = "<group>"; };
		90AA047A1F1F25C900A6A9E4 /* Base */ = {isa = PBXFileReference; lastKnownFileType = file.storyboard; name = Base; path = Base.lproj/Main.storyboard; sourceTree = "<group>"; };
		90AA047C1F1F25C900A6A9E4 /* Assets.xcassets */ = {isa = PBXFileReference; lastKnownFileType = folder.assetcatalog; path = Assets.xcassets; sourceTree = "<group>"; };
		90AA047F1F1F25C900A6A9E4 /* Base */ = {isa = PBXFileReference; lastKnownFileType = file.storyboard; name = Base; path = Base.lproj/LaunchScreen.storyboard; sourceTree = "<group>"; };
		90AA04811F1F25C900A6A9E4 /* Info.plist */ = {isa = PBXFileReference; lastKnownFileType = text.plist.xml; path = Info.plist; sourceTree = "<group>"; };
		90AA04891F1F30A200A6A9E4 /* DatabaseManager.swift */ = {isa = PBXFileReference; fileEncoding = 4; lastKnownFileType = sourcecode.swift; path = DatabaseManager.swift; sourceTree = "<group>"; };
		B72B640B0A566311F9EA2B57 /* Pods_flashcards.framework */ = {isa = PBXFileReference; explicitFileType = wrapper.framework; includeInIndex = 0; path = Pods_flashcards.framework; sourceTree = BUILT_PRODUCTS_DIR; };
/* End PBXFileReference section */

/* Begin PBXFrameworksBuildPhase section */
		90AA046D1F1F25C900A6A9E4 /* Frameworks */ = {
			isa = PBXFrameworksBuildPhase;
			buildActionMask = 2147483647;
			files = (
				483366DD7C6DD7EAEB772BA8 /* Pods_flashcards.framework in Frameworks */,
			);
			runOnlyForDeploymentPostprocessing = 0;
		};
/* End PBXFrameworksBuildPhase section */

/* Begin PBXGroup section */
		90AA04671F1F25C800A6A9E4 = {
			isa = PBXGroup;
			children = (
				90AA04721F1F25C900A6A9E4 /* flashcards */,
				90AA04711F1F25C900A6A9E4 /* Products */,
				C312A6F8961640440EC17FB2 /* Pods */,
				DA2C7C3173274ED94CDFBE0C /* Frameworks */,
			);
			sourceTree = "<group>";
		};
		90AA04711F1F25C900A6A9E4 /* Products */ = {
			isa = PBXGroup;
			children = (
				90AA04701F1F25C900A6A9E4 /* flashcards.app */,
			);
			name = Products;
			sourceTree = "<group>";
		};
		90AA04721F1F25C900A6A9E4 /* flashcards */ = {
			isa = PBXGroup;
			children = (
				90AA04871F1F293800A6A9E4 /* resources */,
				90AA04731F1F25C900A6A9E4 /* AppDelegate.swift */,
				9001FA941F39CD7A00FE2466 /* RootViewController.swift */,
				90AA04751F1F25C900A6A9E4 /* FlashListViewController.swift */,
				90AA04771F1F25C900A6A9E4 /* FavouriteListViewController.swift */,
				90AA04791F1F25C900A6A9E4 /* Main.storyboard */,
				90AA047C1F1F25C900A6A9E4 /* Assets.xcassets */,
				90AA047E1F1F25C900A6A9E4 /* LaunchScreen.storyboard */,
				90AA04811F1F25C900A6A9E4 /* Info.plist */,
				90AA04891F1F30A200A6A9E4 /* DatabaseManager.swift */,
				90709FDF1F1F57FD00D0C1CC /* Constants.swift */,
				90709FE71F1F79CF00D0C1CC /* Models.swift */,
			);
			path = flashcards;
			sourceTree = "<group>";
		};
		90AA04871F1F293800A6A9E4 /* resources */ = {
			isa = PBXGroup;
			children = (
				90709FE11F1F6F3100D0C1CC /* star@2x.png */,
				90709FE51F1F753F00D0C1CC /* star_selected@2x.png */,
				90709FDD1F1F444100D0C1CC /* db.sqlite */,
			);
			name = resources;
			sourceTree = "<group>";
		};
		C312A6F8961640440EC17FB2 /* Pods */ = {
			isa = PBXGroup;
			children = (
				6E7978C8F2C5EEA7A4A423C8 /* Pods-flashcards.debug.xcconfig */,
				8D40A3B2850306427B85DE21 /* Pods-flashcards.release.xcconfig */,
			);
			name = Pods;
			sourceTree = "<group>";
		};
		DA2C7C3173274ED94CDFBE0C /* Frameworks */ = {
			isa = PBXGroup;
			children = (
				B72B640B0A566311F9EA2B57 /* Pods_flashcards.framework */,
			);
			name = Frameworks;
			sourceTree = "<group>";
		};
/* End PBXGroup section */

/* Begin PBXNativeTarget section */
		90AA046F1F1F25C900A6A9E4 /* flashcards */ = {
			isa = PBXNativeTarget;
			buildConfigurationList = 90AA04841F1F25C900A6A9E4 /* Build configuration list for PBXNativeTarget "flashcards" */;
			buildPhases = (
				513876B59D7ED6ED18DF17B2 /* [CP] Check Pods Manifest.lock */,
				90AA046C1F1F25C900A6A9E4 /* Sources */,
				90AA046D1F1F25C900A6A9E4 /* Frameworks */,
				90AA046E1F1F25C900A6A9E4 /* Resources */,
				4BE68BD3B0797D735264E5D9 /* [CP] Embed Pods Frameworks */,
				B02E59493ABE6140E9495C2B /* [CP] Copy Pods Resources */,
			);
			buildRules = (
			);
			dependencies = (
			);
			name = flashcards;
			productName = flashcards;
			productReference = 90AA04701F1F25C900A6A9E4 /* flashcards.app */;
			productType = "com.apple.product-type.application";
		};
/* End PBXNativeTarget section */

/* Begin PBXProject section */
		90AA04681F1F25C800A6A9E4 /* Project object */ = {
			isa = PBXProject;
			attributes = {
				LastSwiftUpdateCheck = 0820;
				LastUpgradeCheck = 0820;
				ORGANIZATIONNAME = XYZ;
				TargetAttributes = {
					90AA046F1F1F25C900A6A9E4 = {
						CreatedOnToolsVersion = 8.2.1;
						DevelopmentTeam = 85NXT8J8GG;
						ProvisioningStyle = Automatic;
					};
				};
			};
			buildConfigurationList = 90AA046B1F1F25C800A6A9E4 /* Build configuration list for PBXProject "flashcards" */;
			compatibilityVersion = "Xcode 3.2";
			developmentRegion = English;
			hasScannedForEncodings = 0;
			knownRegions = (
				en,
				Base,
			);
			mainGroup = 90AA04671F1F25C800A6A9E4;
			productRefGroup = 90AA04711F1F25C900A6A9E4 /* Products */;
			projectDirPath = "";
			projectRoot = "";
			targets = (
				90AA046F1F1F25C900A6A9E4 /* flashcards */,
			);
		};
/* End PBXProject section */

/* Begin PBXResourcesBuildPhase section */
		90AA046E1F1F25C900A6A9E4 /* Resources */ = {
			isa = PBXResourcesBuildPhase;
			buildActionMask = 2147483647;
			files = (
				90AA04801F1F25C900A6A9E4 /* LaunchScreen.storyboard in Resources */,
				90709FE61F1F753F00D0C1CC /* star_selected@2x.png in Resources */,
				90709FE21F1F6F3100D0C1CC /* star@2x.png in Resources */,
				90AA047D1F1F25C900A6A9E4 /* Assets.xcassets in Resources */,
				90AA047B1F1F25C900A6A9E4 /* Main.storyboard in Resources */,
				90709FDE1F1F444100D0C1CC /* db.sqlite in Resources */,
			);
			runOnlyForDeploymentPostprocessing = 0;
		};
/* End PBXResourcesBuildPhase section */

/* Begin PBXShellScriptBuildPhase section */
		4BE68BD3B0797D735264E5D9 /* [CP] Embed Pods Frameworks */ = {
			isa = PBXShellScriptBuildPhase;
			buildActionMask = 2147483647;
			files = (
			);
			inputPaths = (
			);
			name = "[CP] Embed Pods Frameworks";
			outputPaths = (
			);
			runOnlyForDeploymentPostprocessing = 0;
			shellPath = /bin/sh;
			shellScript = "\"${SRCROOT}/Pods/Target Support Files/Pods-flashcards/Pods-flashcards-frameworks.sh\"\n";
			showEnvVarsInLog = 0;
		};
		513876B59D7ED6ED18DF17B2 /* [CP] Check Pods Manifest.lock */ = {
			isa = PBXShellScriptBuildPhase;
			buildActionMask = 2147483647;
			files = (
			);
			inputPaths = (
			);
			name = "[CP] Check Pods Manifest.lock";
			outputPaths = (
			);
			runOnlyForDeploymentPostprocessing = 0;
			shellPath = /bin/sh;
			shellScript = "diff \"${PODS_ROOT}/../Podfile.lock\" \"${PODS_ROOT}/Manifest.lock\" > /dev/null\nif [ $? != 0 ] ; then\n    # print error to STDERR\n    echo \"error: The sandbox is not in sync with the Podfile.lock. Run 'pod install' or update your CocoaPods installation.\" >&2\n    exit 1\nfi\n";
			showEnvVarsInLog = 0;
		};
		B02E59493ABE6140E9495C2B /* [CP] Copy Pods Resources */ = {
			isa = PBXShellScriptBuildPhase;
			buildActionMask = 2147483647;
			files = (
			);
			inputPaths = (
			);
			name = "[CP] Copy Pods Resources";
			outputPaths = (
			);
			runOnlyForDeploymentPostprocessing = 0;
			shellPath = /bin/sh;
			shellScript = "\"${SRCROOT}/Pods/Target Support Files/Pods-flashcards/Pods-flashcards-resources.sh\"\n";
			showEnvVarsInLog = 0;
		};
/* End PBXShellScriptBuildPhase section */

/* Begin PBXSourcesBuildPhase section */
		90AA046C1F1F25C900A6A9E4 /* Sources */ = {
			isa = PBXSourcesBuildPhase;
			buildActionMask = 2147483647;
			files = (
				90709FE01F1F57FD00D0C1CC /* Constants.swift in Sources */,
				90AA048A1F1F30A200A6A9E4 /* DatabaseManager.swift in Sources */,
				90AA04781F1F25C900A6A9E4 /* FavouriteListViewController.swift in Sources */,
				9001FA951F39CD7A00FE2466 /* RootViewController.swift in Sources */,
				90709FE81F1F79CF00D0C1CC /* Models.swift in Sources */,
				90AA04741F1F25C900A6A9E4 /* AppDelegate.swift in Sources */,
				90AA04761F1F25C900A6A9E4 /* FlashListViewController.swift in Sources */,
			);
			runOnlyForDeploymentPostprocessing = 0;
		};
/* End PBXSourcesBuildPhase section */

/* Begin PBXVariantGroup section */
		90AA04791F1F25C900A6A9E4 /* Main.storyboard */ = {
			isa = PBXVariantGroup;
			children = (
				90AA047A1F1F25C900A6A9E4 /* Base */,
			);
			name = Main.storyboard;
			sourceTree = "<group>";
		};
		90AA047E1F1F25C900A6A9E4 /* LaunchScreen.storyboard */ = {
			isa = PBXVariantGroup;
			children = (
				90AA047F1F1F25C900A6A9E4 /* Base */,
			);
			name = LaunchScreen.storyboard;
			sourceTree = "<group>";
		};
/* End PBXVariantGroup section */

/* Begin XCBuildConfiguration section */
		90AA04821F1F25C900A6A9E4 /* Debug */ = {
			isa = XCBuildConfiguration;
			buildSettings = {
				ALWAYS_SEARCH_USER_PATHS = NO;
				CLANG_ANALYZER_NONNULL = YES;
				CLANG_CXX_LANGUAGE_STANDARD = "gnu++0x";
				CLANG_CXX_LIBRARY = "libc++";
				CLANG_ENABLE_MODULES = YES;
				CLANG_ENABLE_OBJC_ARC = YES;
				CLANG_WARN_BOOL_CONVERSION = YES;
				CLANG_WARN_CONSTANT_CONVERSION = YES;
				CLANG_WARN_DIRECT_OBJC_ISA_USAGE = YES_ERROR;
				CLANG_WARN_DOCUMENTATION_COMMENTS = YES;
				CLANG_WARN_EMPTY_BODY = YES;
				CLANG_WARN_ENUM_CONVERSION = YES;
				CLANG_WARN_INFINITE_RECURSION = YES;
				CLANG_WARN_INT_CONVERSION = YES;
				CLANG_WARN_OBJC_ROOT_CLASS = YES_ERROR;
				CLANG_WARN_SUSPICIOUS_MOVE = YES;
				CLANG_WARN_UNREACHABLE_CODE = YES;
				CLANG_WARN__DUPLICATE_METHOD_MATCH = YES;
				"CODE_SIGN_IDENTITY[sdk=iphoneos*]" = "iPhone Developer";
				COPY_PHASE_STRIP = NO;
				DEBUG_INFORMATION_FORMAT = dwarf;
				ENABLE_STRICT_OBJC_MSGSEND = YES;
				ENABLE_TESTABILITY = YES;
				GCC_C_LANGUAGE_STANDARD = gnu99;
				GCC_DYNAMIC_NO_PIC = NO;
				GCC_NO_COMMON_BLOCKS = YES;
				GCC_OPTIMIZATION_LEVEL = 0;
				GCC_PREPROCESSOR_DEFINITIONS = (
					"DEBUG=1",
					"$(inherited)",
				);
				GCC_WARN_64_TO_32_BIT_CONVERSION = YES;
				GCC_WARN_ABOUT_RETURN_TYPE = YES_ERROR;
				GCC_WARN_UNDECLARED_SELECTOR = YES;
				GCC_WARN_UNINITIALIZED_AUTOS = YES_AGGRESSIVE;
				GCC_WARN_UNUSED_FUNCTION = YES;
				GCC_WARN_UNUSED_VARIABLE = YES;
				IPHONEOS_DEPLOYMENT_TARGET = 10.0;
				MTL_ENABLE_DEBUG_INFO = YES;
				ONLY_ACTIVE_ARCH = YES;
				SDKROOT = iphoneos;
				SWIFT_ACTIVE_COMPILATION_CONDITIONS = DEBUG;
				SWIFT_OPTIMIZATION_LEVEL = "-Onone";
				TARGETED_DEVICE_FAMILY = "1,2";
			};
			name = Debug;
		};
		90AA04831F1F25C900A6A9E4 /* Release */ = {
			isa = XCBuildConfiguration;
			buildSettings = {
				ALWAYS_SEARCH_USER_PATHS = NO;
				CLANG_ANALYZER_NONNULL = YES;
				CLANG_CXX_LANGUAGE_STANDARD = "gnu++0x";
				CLANG_CXX_LIBRARY = "libc++";
				CLANG_ENABLE_MODULES = YES;
				CLANG_ENABLE_OBJC_ARC = YES;
				CLANG_WARN_BOOL_CONVERSION = YES;
				CLANG_WARN_CONSTANT_CONVERSION = YES;
				CLANG_WARN_DIRECT_OBJC_ISA_USAGE = YES_ERROR;
				CLANG_WARN_DOCUMENTATION_COMMENTS = YES;
				CLANG_WARN_EMPTY_BODY = YES;
				CLANG_WARN_ENUM_CONVERSION = YES;
				CLANG_WARN_INFINITE_RECURSION = YES;
				CLANG_WARN_INT_CONVERSION = YES;
				CLANG_WARN_OBJC_ROOT_CLASS = YES_ERROR;
				CLANG_WARN_SUSPICIOUS_MOVE = YES;
				CLANG_WARN_UNREACHABLE_CODE = YES;
				CLANG_WARN__DUPLICATE_METHOD_MATCH = YES;
				"CODE_SIGN_IDENTITY[sdk=iphoneos*]" = "iPhone Developer";
				COPY_PHASE_STRIP = NO;
				DEBUG_INFORMATION_FORMAT = "dwarf-with-dsym";
				ENABLE_NS_ASSERTIONS = NO;
				ENABLE_STRICT_OBJC_MSGSEND = YES;
				GCC_C_LANGUAGE_STANDARD = gnu99;
				GCC_NO_COMMON_BLOCKS = YES;
				GCC_WARN_64_TO_32_BIT_CONVERSION = YES;
				GCC_WARN_ABOUT_RETURN_TYPE = YES_ERROR;
				GCC_WARN_UNDECLARED_SELECTOR = YES;
				GCC_WARN_UNINITIALIZED_AUTOS = YES_AGGRESSIVE;
				GCC_WARN_UNUSED_FUNCTION = YES;
				GCC_WARN_UNUSED_VARIABLE = YES;
				IPHONEOS_DEPLOYMENT_TARGET = 10.0;
				MTL_ENABLE_DEBUG_INFO = NO;
				SDKROOT = iphoneos;
				SWIFT_OPTIMIZATION_LEVEL = "-Owholemodule";
				TARGETED_DEVICE_FAMILY = "1,2";
				VALIDATE_PRODUCT = YES;
			};
			name = Release;
		};
		90AA04851F1F25C900A6A9E4 /* Debug */ = {
			isa = XCBuildConfiguration;
			baseConfigurationReference = 6E7978C8F2C5EEA7A4A423C8 /* Pods-flashcards.debug.xcconfig */;
			buildSettings = {
				ASSETCATALOG_COMPILER_APPICON_NAME = AppIcon;
				DEVELOPMENT_TEAM = 85NXT8J8GG;
				INFOPLIST_FILE = flashcards/Info.plist;
				IPHONEOS_DEPLOYMENT_TARGET = 10.0;
				LD_RUNPATH_SEARCH_PATHS = "$(inherited) @executable_path/Frameworks";
				PRODUCT_BUNDLE_IDENTIFIER = com.XYZ.flashcards;
				PRODUCT_NAME = "$(TARGET_NAME)";
				SWIFT_OBJC_BRIDGING_HEADER = "";
				SWIFT_VERSION = 3.0;
			};
			name = Debug;
		};
		90AA04861F1F25C900A6A9E4 /* Release */ = {
			isa = XCBuildConfiguration;
			baseConfigurationReference = 8D40A3B2850306427B85DE21 /* Pods-flashcards.release.xcconfig */;
			buildSettings = {
				ASSETCATALOG_COMPILER_APPICON_NAME = AppIcon;
				DEVELOPMENT_TEAM = 85NXT8J8GG;
				INFOPLIST_FILE = flashcards/Info.plist;
				IPHONEOS_DEPLOYMENT_TARGET = 10.0;
				LD_RUNPATH_SEARCH_PATHS = "$(inherited) @executable_path/Frameworks";
				PRODUCT_BUNDLE_IDENTIFIER = com.XYZ.flashcards;
				PRODUCT_NAME = "$(TARGET_NAME)";
				SWIFT_OBJC_BRIDGING_HEADER = "";
				SWIFT_VERSION = 3.0;
			};
			name = Release;
		};
/* End XCBuildConfiguration section */

/* Begin XCConfigurationList section */
		90AA046B1F1F25C800A6A9E4 /* Build configuration list for PBXProject "flashcards" */ = {
			isa = XCConfigurationList;
			buildConfigurations = (
				90AA04821F1F25C900A6A9E4 /* Debug */,
				90AA04831F1F25C900A6A9E4 /* Release */,
			);
			defaultConfigurationIsVisible = 0;
			defaultConfigurationName = Release;
		};
		90AA04841F1F25C900A6A9E4 /* Build configuration list for PBXNativeTarget "flashcards" */ = {
			isa = XCConfigurationList;
			buildConfigurations = (
				90AA04851F1F25C900A6A9E4 /* Debug */,
				90AA04861F1F25C900A6A9E4 /* Release */,
			);
			defaultConfigurationIsVisible = 0;
			defaultConfigurationName = Release;
		};
/* End XCConfigurationList section */
	};
	rootObject = 90AA04681F1F25C800A6A9E4 /* Project object */;
}
